
Microsoft Visual Studio Solution File, Format Version 12.00
# Visual Studio Version 17
VisualStudioVersion = 17.2.32602.215
MinimumVisualStudioVersion = 10.0.40219.1
Project("{9A19103F-16F7-4668-BE54-9A1E7A4F7556}") = "Course.ECommerce.WebApi", "Course.ECommerce.WebApi\Course.ECommerce.WebApi.csproj", "{12EFB366-79CB-45B3-A166-ED0D09878922}"
EndProject
Project("{9A19103F-16F7-4668-BE54-9A1E7A4F7556}") = "Course.ECommerce.Infrastructure", "Course.ECommerce.Infrastucture\Course.ECommerce.Infrastructure.csproj", "{EA4510EC-F8B9-4217-9E24-DA4745722FBF}"
EndProject
Project("{9A19103F-16F7-4668-BE54-9A1E7A4F7556}") = "Course.ECommerce.Domain", "Course.ECommerce.Domain\Course.ECommerce.Domain.csproj", "{2E5F8236-9E53-4073-BA52-7D82C2A27959}"
EndProject
Project("{9A19103F-16F7-4668-BE54-9A1E7A4F7556}") = "Course.ECommerce.Aplication", "Course.ECommerce.Aplication\Course.ECommerce.Aplication.csproj", "{61A0C07E-0679-4CEC-9641-2E8694A89F0E}"
EndProject
Project("{9A19103F-16F7-4668-BE54-9A1E7A4F7556}") = "Course.ECommerce.Test", "Course.ECommerce.Test\Course.ECommerce.Test.csproj", "{90E76BF2-28C7-49D5-AA95-BB6621ADA9B1}"
EndProject
Global
	GlobalSection(SolutionConfigurationPlatforms) = preSolution
		Debug|Any CPU = Debug|Any CPU
		Release|Any CPU = Release|Any CPU
	EndGlobalSection
	GlobalSection(ProjectConfigurationPlatforms) = postSolution
		{12EFB366-79CB-45B3-A166-ED0D09878922}.Debug|Any CPU.ActiveCfg = Debug|Any CPU
		{12EFB366-79CB-45B3-A166-ED0D09878922}.Debug|Any CPU.Build.0 = Debug|Any CPU
		{12EFB366-79CB-45B3-A166-ED0D09878922}.Release|Any CPU.ActiveCfg = Release|Any CPU
		{12EFB366-79CB-45B3-A166-ED0D09878922}.Release|Any CPU.Build.0 = Release|Any CPU
		{EA4510EC-F8B9-4217-9E24-DA4745722FBF}.Debug|Any CPU.ActiveCfg = Debug|Any CPU
		{EA4510EC-F8B9-4217-9E24-DA4745722FBF}.Debug|Any CPU.Build.0 = Debug|Any CPU
		{EA4510EC-F8B9-4217-9E24-DA4745722FBF}.Release|Any CPU.ActiveCfg = Release|Any CPU
		{EA4510EC-F8B9-4217-9E24-DA4745722FBF}.Release|Any CPU.Build.0 = Release|Any CPU
		{2E5F8236-9E53-4073-BA52-7D82C2A27959}.Debug|Any CPU.ActiveCfg = Debug|Any CPU
		{2E5F8236-9E53-4073-BA52-7D82C2A27959}.Debug|Any CPU.Build.0 = Debug|Any CPU
		{2E5F8236-9E53-4073-BA52-7D82C2A27959}.Release|Any CPU.ActiveCfg = Release|Any CPU
		{2E5F8236-9E53-4073-BA52-7D82C2A27959}.Release|Any CPU.Build.0 = Release|Any CPU
		{61A0C07E-0679-4CEC-9641-2E8694A89F0E}.Debug|Any CPU.ActiveCfg = Debug|Any CPU
		{61A0C07E-0679-4CEC-9641-2E8694A89F0E}.Debug|Any CPU.Build.0 = Debug|Any CPU
		{61A0C07E-0679-4CEC-9641-2E8694A89F0E}.Release|Any CPU.ActiveCfg = Release|Any CPU
		{61A0C07E-0679-4CEC-9641-2E8694A89F0E}.Release|Any CPU.Build.0 = Release|Any CPU
		{90E76BF2-28C7-49D5-AA95-BB6621ADA9B1}.Debug|Any CPU.ActiveCfg = Debug|Any CPU
		{90E76BF2-28C7-49D5-AA95-BB6621ADA9B1}.Debug|Any CPU.Build.0 = Debug|Any CPU
		{90E76BF2-28C7-49D5-AA95-BB6621ADA9B1}.Release|Any CPU.ActiveCfg = Release|Any CPU
		{90E76BF2-28C7-49D5-AA95-BB6621ADA9B1}.Release|Any CPU.Build.0 = Release|Any CPU
	EndGlobalSection
	GlobalSection(SolutionProperties) = preSolution
		HideSolutionNode = FALSE
	EndGlobalSection
	GlobalSection(ExtensibilityGlobals) = postSolution
		SolutionGuid = {64DF54F4-28F3-4CDB-B543-A95C098D7725}
	EndGlobalSection
EndGlobal
